
Microsoft Visual Studio Solution File, Format Version 12.00
# Visual Studio Version 17
VisualStudioVersion = 17.2.32516.85
MinimumVisualStudioVersion = 10.0.40219.1
Project("{9A19103F-16F7-4668-BE54-9A1E7A4F7556}") = "BankAPI", "BankAPI.csproj", "{18152193-E578-4817-8839-EC79CA918037}"
EndProject
Project("{9A19103F-16F7-4668-BE54-9A1E7A4F7556}") = "Test", "..\Test\Test.csproj", "{43B4752A-2793-4991-BCFE-275226A8A3CF}"
EndProject
Global
	GlobalSection(SolutionConfigurationPlatforms) = preSolution
		Debug|Any CPU = Debug|Any CPU
		Release|Any CPU = Release|Any CPU
	EndGlobalSection
	GlobalSection(ProjectConfigurationPlatforms) = postSolution
		{18152193-E578-4817-8839-EC79CA918037}.Debug|Any CPU.ActiveCfg = Debug|Any CPU
		{18152193-E578-4817-8839-EC79CA918037}.Debug|Any CPU.Build.0 = Debug|Any CPU
		{18152193-E578-4817-8839-EC79CA918037}.Release|Any CPU.ActiveCfg = Release|Any CPU
		{18152193-E578-4817-8839-EC79CA918037}.Release|Any CPU.Build.0 = Release|Any CPU
		{43B4752A-2793-4991-BCFE-275226A8A3CF}.Debug|Any CPU.ActiveCfg = Debug|Any CPU
		{43B4752A-2793-4991-BCFE-275226A8A3CF}.Debug|Any CPU.Build.0 = Debug|Any CPU
		{43B4752A-2793-4991-BCFE-275226A8A3CF}.Release|Any CPU.ActiveCfg = Release|Any CPU
		{43B4752A-2793-4991-BCFE-275226A8A3CF}.Release|Any CPU.Build.0 = Release|Any CPU
	EndGlobalSection
	GlobalSection(SolutionProperties) = preSolution
		HideSolutionNode = FALSE
	EndGlobalSection
	GlobalSection(ExtensibilityGlobals) = postSolution
		SolutionGuid = {BE184E62-4781-4B1B-90A4-A4E45C628332}
	EndGlobalSection
EndGlobal
